
Microsoft Visual Studio Solution File, Format Version 12.00
# Visual Studio Version 17
VisualStudioVersion = 17.13.35913.81 d17.13
MinimumVisualStudioVersion = 10.0.40219.1
Project("{FAE04EC0-301F-11D3-BF4B-00C04F79EFBC}") = "TcpClient", "TcpClient\TcpClient.csproj", "{526AFE7F-52B3-419B-BAB4-8C709906FD9B}"
EndProject
Project("{FAE04EC0-301F-11D3-BF4B-00C04F79EFBC}") = "TcpServer", "TcpServer\TcpServer.csproj", "{2884A9DC-0F16-4F88-943C-84B590D1D64D}"
EndProject
Project("{2150E333-8FDC-42A3-9474-1A3956D46DE8}") = "src", "src", "{02EA681E-C7D8-13C7-8484-4AC65E1B71E8}"
EndProject
Project("{2150E333-8FDC-42A3-9474-1A3956D46DE8}") = "shared", "shared", "{68B9AE0A-B25A-43CA-BD57-6F993DD158DF}"
EndProject
Global
	GlobalSection(SolutionConfigurationPlatforms) = preSolution
		Debug|Any CPU = Debug|Any CPU
		Release|Any CPU = Release|Any CPU
	EndGlobalSection
	GlobalSection(ProjectConfigurationPlatforms) = postSolution
		{526AFE7F-52B3-419B-BAB4-8C709906FD9B}.Debug|Any CPU.ActiveCfg = Debug|Any CPU
		{526AFE7F-52B3-419B-BAB4-8C709906FD9B}.Debug|Any CPU.Build.0 = Debug|Any CPU
		{526AFE7F-52B3-419B-BAB4-8C709906FD9B}.Release|Any CPU.ActiveCfg = Release|Any CPU
		{526AFE7F-52B3-419B-BAB4-8C709906FD9B}.Release|Any CPU.Build.0 = Release|Any CPU
		{2884A9DC-0F16-4F88-943C-84B590D1D64D}.Debug|Any CPU.ActiveCfg = Debug|Any CPU
		{2884A9DC-0F16-4F88-943C-84B590D1D64D}.Debug|Any CPU.Build.0 = Debug|Any CPU
		{2884A9DC-0F16-4F88-943C-84B590D1D64D}.Release|Any CPU.ActiveCfg = Release|Any CPU
		{2884A9DC-0F16-4F88-943C-84B590D1D64D}.Release|Any CPU.Build.0 = Release|Any CPU
	EndGlobalSection
	GlobalSection(SolutionProperties) = preSolution
		HideSolutionNode = FALSE
	EndGlobalSection
	GlobalSection(NestedProjects) = preSolution
		{526AFE7F-52B3-419B-BAB4-8C709906FD9B} = {02EA681E-C7D8-13C7-8484-4AC65E1B71E8}
		{2884A9DC-0F16-4F88-943C-84B590D1D64D} = {02EA681E-C7D8-13C7-8484-4AC65E1B71E8}
		{68B9AE0A-B25A-43CA-BD57-6F993DD158DF} = {02EA681E-C7D8-13C7-8484-4AC65E1B71E8}
	EndGlobalSection
	GlobalSection(ExtensibilityGlobals) = postSolution
		SolutionGuid = {15DB23F4-7A5E-4187-A892-6160709FE4BF}
	EndGlobalSection
EndGlobal
